
Microsoft Visual Studio Solution File, Format Version 12.00
# Visual Studio Version 16
VisualStudioVersion = 16.0.30709.132
MinimumVisualStudioVersion = 10.0.40219.1
Project("{FAE04EC0-301F-11D3-BF4B-00C04F79EFBC}") = "SagecomRouterAPI", "SagecomRouterAPI\SagecomRouterAPI.csproj", "{B3A0C738-9745-4064-B7EE-E7F59534791C}"
EndProject
Global
	GlobalSection(SolutionConfigurationPlatforms) = preSolution
		Debug|Any CPU = Debug|Any CPU
		Release|Any CPU = Release|Any CPU
	EndGlobalSection
	GlobalSection(ProjectConfigurationPlatforms) = postSolution
		{B3A0C738-9745-4064-B7EE-E7F59534791C}.Debug|Any CPU.ActiveCfg = Debug|Any CPU
		{B3A0C738-9745-4064-B7EE-E7F59534791C}.Debug|Any CPU.Build.0 = Debug|Any CPU
		{B3A0C738-9745-4064-B7EE-E7F59534791C}.Release|Any CPU.ActiveCfg = Release|Any CPU
		{B3A0C738-9745-4064-B7EE-E7F59534791C}.Release|Any CPU.Build.0 = Release|Any CPU
	EndGlobalSection
	GlobalSection(SolutionProperties) = preSolution
		HideSolutionNode = FALSE
	EndGlobalSection
	GlobalSection(ExtensibilityGlobals) = postSolution
		SolutionGuid = {718CA69D-2D13-4D82-A762-BD5B4D91CB93}
	EndGlobalSection
EndGlobal
